
Microsoft Visual Studio Solution File, Format Version 12.00
# Visual Studio Version 17
VisualStudioVersion = 17.3.32929.385
MinimumVisualStudioVersion = 10.0.40219.1
Project("{8BC9CEB8-8B4A-11D0-8D11-00A0C91BC942}") = "debug5", "debug5\debug5.vcxproj", "{18EB4896-D78D-4C09-93D8-2BE344581532}"
EndProject
Global
	GlobalSection(SolutionConfigurationPlatforms) = preSolution
		Debug|x64 = Debug|x64
		Debug|x86 = Debug|x86
		Release|x64 = Release|x64
		Release|x86 = Release|x86
	EndGlobalSection
	GlobalSection(ProjectConfigurationPlatforms) = postSolution
		{18EB4896-D78D-4C09-93D8-2BE344581532}.Debug|x64.ActiveCfg = Debug|x64
		{18EB4896-D78D-4C09-93D8-2BE344581532}.Debug|x64.Build.0 = Debug|x64
		{18EB4896-D78D-4C09-93D8-2BE344581532}.Debug|x86.ActiveCfg = Debug|Win32
		{18EB4896-D78D-4C09-93D8-2BE344581532}.Debug|x86.Build.0 = Debug|Win32
		{18EB4896-D78D-4C09-93D8-2BE344581532}.Release|x64.ActiveCfg = Release|x64
		{18EB4896-D78D-4C09-93D8-2BE344581532}.Release|x64.Build.0 = Release|x64
		{18EB4896-D78D-4C09-93D8-2BE344581532}.Release|x86.ActiveCfg = Release|Win32
		{18EB4896-D78D-4C09-93D8-2BE344581532}.Release|x86.Build.0 = Release|Win32
	EndGlobalSection
	GlobalSection(SolutionProperties) = preSolution
		HideSolutionNode = FALSE
	EndGlobalSection
	GlobalSection(ExtensibilityGlobals) = postSolution
		SolutionGuid = {36E562C8-99F1-4854-8AE8-A7A0B3E37EAD}
	EndGlobalSection
EndGlobal
